Microsoft Visual Studio Solution File, Format Version 12.00
# Visual Studio Version 17
VisualStudioVersion = 17.5.2.0
MinimumVisualStudioVersion = 10.0.40219.1
Project("{FAE04EC0-301F-11D3-BF4B-00C04F79EFBC}") = "d2s3", "d2s3\d2s3.csproj", "{3DCF962A-A5C7-2F71-DF6D-70939A548CEE}"
EndProject
Global
	GlobalSection(SolutionConfigurationPlatforms) = preSolution
		Debug|Any CPU = Debug|Any CPU
		Release|Any CPU = Release|Any CPU
	EndGlobalSection
	GlobalSection(ProjectConfigurationPlatforms) = postSolution
		{3DCF962A-A5C7-2F71-DF6D-70939A548CEE}.Debug|Any CPU.ActiveCfg = Debug|Any CPU
		{3DCF962A-A5C7-2F71-DF6D-70939A548CEE}.Debug|Any CPU.Build.0 = Debug|Any CPU
		{3DCF962A-A5C7-2F71-DF6D-70939A548CEE}.Release|Any CPU.ActiveCfg = Release|Any CPU
		{3DCF962A-A5C7-2F71-DF6D-70939A548CEE}.Release|Any CPU.Build.0 = Release|Any CPU
	EndGlobalSection
	GlobalSection(SolutionProperties) = preSolution
		HideSolutionNode = FALSE
	EndGlobalSection
	GlobalSection(ExtensibilityGlobals) = postSolution
		SolutionGuid = {EF75B2D3-01B2-41C8-9956-D3A47AFC17D7}
	EndGlobalSection
EndGlobal
