{
  "lockfileVersion": 1,
  "workspaces": {
    "": {
      "devDependencies": {
        "tailwindcss": "^4.1.9",
      },
    },
  },
  "packages": {
    "tailwindcss": ["tailwindcss@4.1.9", "", {}, "sha512-anBZRcvfNMsQdHB9XSGzAtIQWlhs49uK75jfkwrqjRUbjt4d7q9RE1wR1xWyfYZhLFnFX4ahWp88Au2lcEw5IQ=="],
  }
}
